
Microsoft Visual Studio Solution File, Format Version 12.00
# Visual Studio 2013
VisualStudioVersion = 12.0.31101.0
MinimumVisualStudioVersion = 10.0.40219.1
Project("{FAE04EC0-301F-11D3-BF4B-00C04F79EFBC}") = "Multiples of 3 and 5", "ConsoleApplication1\Multiples of 3 and 5.csproj", "{C17789E4-9207-4510-B142-D9D261F24E26}"
EndProject
Project("{FAE04EC0-301F-11D3-BF4B-00C04F79EFBC}") = "Even Fibonacci Numbers", "Even Fibonacci Numbers\Even Fibonacci Numbers.csproj", "{77E22888-87F2-4E43-84CD-D6B07628AAC7}"
EndProject
Project("{FAE04EC0-301F-11D3-BF4B-00C04F79EFBC}") = "Largest Prime Factor", "Largest Prime Factor\Largest Prime Factor.csproj", "{04AC9E3C-70BF-4FCA-95C7-C2946EFE20B8}"
EndProject
Project("{FAE04EC0-301F-11D3-BF4B-00C04F79EFBC}") = "Largest Palindrome Product", "Largest Palindrome Product\Largest Palindrome Product.csproj", "{4B350057-8456-4DB2-8B03-7B6344301204}"
EndProject
Project("{FAE04EC0-301F-11D3-BF4B-00C04F79EFBC}") = "Smallest Multiple", "Smallest Multiple\Smallest Multiple.csproj", "{F45FEE9D-7A4E-4920-8691-4FA8F71F863E}"
EndProject
Project("{FAE04EC0-301F-11D3-BF4B-00C04F79EFBC}") = "Largest Product in a Grid", "Largest Product in a Grid\Largest Product in a Grid.csproj", "{3AFEB5EF-43EE-47E5-8C8F-62AFF618BAD9}"
EndProject
Project("{FAE04EC0-301F-11D3-BF4B-00C04F79EFBC}") = "Sum of Square Difference", "Sum of Square Difference\Sum of Square Difference.csproj", "{36223EBD-531E-48DC-95C4-3E531F77FC6F}"
EndProject
Project("{FAE04EC0-301F-11D3-BF4B-00C04F79EFBC}") = "10001st Prime", "10001st Prime\10001st Prime.csproj", "{6185F438-C563-46CC-AEF0-8231EA3941C4}"
EndProject
Project("{FAE04EC0-301F-11D3-BF4B-00C04F79EFBC}") = "Largest Product in a Series", "Largest Product in a Series\Largest Product in a Series.csproj", "{5B41060E-E233-4294-A423-120355C6D08D}"
EndProject
Project("{FAE04EC0-301F-11D3-BF4B-00C04F79EFBC}") = "Special Pythagorean Triplet", "Special Pythagorean Triplet\Special Pythagorean Triplet.csproj", "{2CFDAD55-BC87-4CDF-85E9-364FE775D575}"
EndProject
Global
	GlobalSection(SolutionConfigurationPlatforms) = preSolution
		Debug|Any CPU = Debug|Any CPU
		Release|Any CPU = Release|Any CPU
	EndGlobalSection
	GlobalSection(ProjectConfigurationPlatforms) = postSolution
		{C17789E4-9207-4510-B142-D9D261F24E26}.Debug|Any CPU.ActiveCfg = Debug|Any CPU
		{C17789E4-9207-4510-B142-D9D261F24E26}.Debug|Any CPU.Build.0 = Debug|Any CPU
		{C17789E4-9207-4510-B142-D9D261F24E26}.Release|Any CPU.ActiveCfg = Release|Any CPU
		{C17789E4-9207-4510-B142-D9D261F24E26}.Release|Any CPU.Build.0 = Release|Any CPU
		{77E22888-87F2-4E43-84CD-D6B07628AAC7}.Debug|Any CPU.ActiveCfg = Debug|Any CPU
		{77E22888-87F2-4E43-84CD-D6B07628AAC7}.Debug|Any CPU.Build.0 = Debug|Any CPU
		{77E22888-87F2-4E43-84CD-D6B07628AAC7}.Release|Any CPU.ActiveCfg = Release|Any CPU
		{77E22888-87F2-4E43-84CD-D6B07628AAC7}.Release|Any CPU.Build.0 = Release|Any CPU
		{04AC9E3C-70BF-4FCA-95C7-C2946EFE20B8}.Debug|Any CPU.ActiveCfg = Debug|Any CPU
		{04AC9E3C-70BF-4FCA-95C7-C2946EFE20B8}.Debug|Any CPU.Build.0 = Debug|Any CPU
		{04AC9E3C-70BF-4FCA-95C7-C2946EFE20B8}.Release|Any CPU.ActiveCfg = Release|Any CPU
		{04AC9E3C-70BF-4FCA-95C7-C2946EFE20B8}.Release|Any CPU.Build.0 = Release|Any CPU
		{4B350057-8456-4DB2-8B03-7B6344301204}.Debug|Any CPU.ActiveCfg = Debug|Any CPU
		{4B350057-8456-4DB2-8B03-7B6344301204}.Debug|Any CPU.Build.0 = Debug|Any CPU
		{4B350057-8456-4DB2-8B03-7B6344301204}.Release|Any CPU.ActiveCfg = Release|Any CPU
		{4B350057-8456-4DB2-8B03-7B6344301204}.Release|Any CPU.Build.0 = Release|Any CPU
		{F45FEE9D-7A4E-4920-8691-4FA8F71F863E}.Debug|Any CPU.ActiveCfg = Debug|Any CPU
		{F45FEE9D-7A4E-4920-8691-4FA8F71F863E}.Debug|Any CPU.Build.0 = Debug|Any CPU
		{F45FEE9D-7A4E-4920-8691-4FA8F71F863E}.Release|Any CPU.ActiveCfg = Release|Any CPU
		{F45FEE9D-7A4E-4920-8691-4FA8F71F863E}.Release|Any CPU.Build.0 = Release|Any CPU
		{3AFEB5EF-43EE-47E5-8C8F-62AFF618BAD9}.Debug|Any CPU.ActiveCfg = Debug|Any CPU
		{3AFEB5EF-43EE-47E5-8C8F-62AFF618BAD9}.Debug|Any CPU.Build.0 = Debug|Any CPU
		{3AFEB5EF-43EE-47E5-8C8F-62AFF618BAD9}.Release|Any CPU.ActiveCfg = Release|Any CPU
		{3AFEB5EF-43EE-47E5-8C8F-62AFF618BAD9}.Release|Any CPU.Build.0 = Release|Any CPU
		{36223EBD-531E-48DC-95C4-3E531F77FC6F}.Debug|Any CPU.ActiveCfg = Debug|Any CPU
		{36223EBD-531E-48DC-95C4-3E531F77FC6F}.Debug|Any CPU.Build.0 = Debug|Any CPU
		{36223EBD-531E-48DC-95C4-3E531F77FC6F}.Release|Any CPU.ActiveCfg = Release|Any CPU
		{36223EBD-531E-48DC-95C4-3E531F77FC6F}.Release|Any CPU.Build.0 = Release|Any CPU
		{6185F438-C563-46CC-AEF0-8231EA3941C4}.Debug|Any CPU.ActiveCfg = Debug|Any CPU
		{6185F438-C563-46CC-AEF0-8231EA3941C4}.Debug|Any CPU.Build.0 = Debug|Any CPU
		{6185F438-C563-46CC-AEF0-8231EA3941C4}.Release|Any CPU.ActiveCfg = Release|Any CPU
		{6185F438-C563-46CC-AEF0-8231EA3941C4}.Release|Any CPU.Build.0 = Release|Any CPU
		{5B41060E-E233-4294-A423-120355C6D08D}.Debug|Any CPU.ActiveCfg = Debug|Any CPU
		{5B41060E-E233-4294-A423-120355C6D08D}.Debug|Any CPU.Build.0 = Debug|Any CPU
		{5B41060E-E233-4294-A423-120355C6D08D}.Release|Any CPU.ActiveCfg = Release|Any CPU
		{5B41060E-E233-4294-A423-120355C6D08D}.Release|Any CPU.Build.0 = Release|Any CPU
		{2CFDAD55-BC87-4CDF-85E9-364FE775D575}.Debug|Any CPU.ActiveCfg = Debug|Any CPU
		{2CFDAD55-BC87-4CDF-85E9-364FE775D575}.Debug|Any CPU.Build.0 = Debug|Any CPU
		{2CFDAD55-BC87-4CDF-85E9-364FE775D575}.Release|Any CPU.ActiveCfg = Release|Any CPU
		{2CFDAD55-BC87-4CDF-85E9-364FE775D575}.Release|Any CPU.Build.0 = Release|Any CPU
	EndGlobalSection
	GlobalSection(SolutionProperties) = preSolution
		HideSolutionNode = FALSE
	EndGlobalSection
EndGlobal
